{
  "name": "console",
  "version": "1.0.0",
  "lockfileVersion": 2,
  "requires": true,
  "packages": {
    "": {
      "name": "console",
      "version": "1.0.0",
      "license": "MIT",
      "dependencies": {
        "@microsoft/dotnet-runtime": "file:../generated/AppBundle"
      },
      "devDependencies": {
        "@microsoft/dotnet-runtime-types": "file:../dotnet/src/JavaScript/src/bin/Release/net8.0/browser-wasm",
        "@types/node": "16.11.58",
        "typescript": "4.8.3"
      }
    },
    "../dotnet/src/JavaScript/src/bin/Release/net8.0/browser-wasm": {
      "name": "@microsoft/dotnet-runtime",
      "version": "7.0.0",
      "dev": true,
      "license": "MIT",
      "devDependencies": {
        "@rollup/plugin-typescript": "8.3.3",
        "@typescript-eslint/eslint-plugin": "5.30.7",
        "@typescript-eslint/parser": "5.30.7",
        "eslint": "8.20.0",
        "fast-glob": "3.2.11",
        "rollup": "2.77.0",
        "rollup-plugin-consts": "1.1.0",
        "rollup-plugin-dts": "4.2.2",
        "rollup-plugin-terser": "7.0.2",
        "terser": "5.14.2",
        "tslib": "2.4.0",
        "typescript": "4.7.4"
      }
    },
    "../generated/AppBundle": {},
    "node_modules/@microsoft/dotnet-runtime": {
      "resolved": "../generated/AppBundle",
      "link": true
    },
    "node_modules/@microsoft/dotnet-runtime-types": {
      "resolved": "../dotnet/src/JavaScript/src/bin/Release/net8.0/browser-wasm",
      "link": true
    },
    "node_modules/@types/node": {
      "version": "16.11.58",
      "resolved": "https://registry.npmjs.org/@types/node/-/node-16.11.58.tgz",
      "integrity": "sha512-uMVxJ111wpHzkx/vshZFb6Qni3BOMnlWLq7q9jrwej7Yw/KvjsEbpxCCxw+hLKxexFMc8YmpG8J9tnEe/rKsIg==",
      "dev": true
    },
    "node_modules/typescript": {
      "version": "4.8.3",
      "resolved": "https://registry.npmjs.org/typescript/-/typescript-4.8.3.tgz",
      "integrity": "sha512-goMHfm00nWPa8UvR/CPSvykqf6dVV8x/dp0c5mFTMTIu0u0FlGWRioyy7Nn0PGAdHxpJZnuO/ut+PpQ8UiHAig==",
      "dev": true,
      "license": "Apache-2.0",
      "bin": {
        "tsc": "bin/tsc",
        "tsserver": "bin/tsserver"
      },
      "engines": {
        "node": ">=4.2.0"
      }
    }
  },
  "dependencies": {
    "@microsoft/dotnet-runtime": {
      "version": "file:../generated/AppBundle"
    },
    "@microsoft/dotnet-runtime-types": {
      "version": "file:../dotnet/src/JavaScript/src/bin/Release/net8.0/browser-wasm",
      "requires": {
        "@rollup/plugin-typescript": "8.3.3",
        "@typescript-eslint/eslint-plugin": "5.30.7",
        "@typescript-eslint/parser": "5.30.7",
        "eslint": "8.20.0",
        "fast-glob": "3.2.11",
        "rollup": "2.77.0",
        "rollup-plugin-consts": "1.1.0",
        "rollup-plugin-dts": "4.2.2",
        "rollup-plugin-terser": "7.0.2",
        "terser": "5.14.2",
        "tslib": "2.4.0",
        "typescript": "4.7.4"
      }
    },
    "@types/node": {
      "version": "16.11.58",
      "resolved": "https://registry.npmjs.org/@types/node/-/node-16.11.58.tgz",
      "integrity": "sha512-uMVxJ111wpHzkx/vshZFb6Qni3BOMnlWLq7q9jrwej7Yw/KvjsEbpxCCxw+hLKxexFMc8YmpG8J9tnEe/rKsIg==",
      "dev": true
    },
    "typescript": {
      "version": "4.8.3",
      "resolved": "https://registry.npmjs.org/typescript/-/typescript-4.8.3.tgz",
      "integrity": "sha512-goMHfm00nWPa8UvR/CPSvykqf6dVV8x/dp0c5mFTMTIu0u0FlGWRioyy7Nn0PGAdHxpJZnuO/ut+PpQ8UiHAig==",
      "dev": true
    }
  }
}
